# THIS IS AN AUTOGENERATED FILE. DO NOT EDIT THIS FILE DIRECTLY.
# yarn lockfile v1


"@fdaciuk/ajax@^3.0.4":
  version "3.0.4"
  resolved "https://registry.yarnpkg.com/@fdaciuk/ajax/-/ajax-3.0.4.tgz#408645e0b0e0e38333cdb8247e2b91ffe871bbda"
  integrity sha512-pVTxdfHLSy3Pb0VGVk3NX9L/ahZ6hexJudtLsyR6/a7A4+Kyh7dY0mnMatODXswPQ0tkId1zuEKCjmalnCyYtQ==
