# THIS IS AN AUTOGENERATED FILE. DO NOT EDIT THIS FILE DIRECTLY.
# yarn lockfile v1


"@fdaciuk/ajax@2.3.0":
  version "2.3.0"
  resolved "https://registry.yarnpkg.com/@fdaciuk/ajax/-/ajax-2.3.0.tgz#de1780cdaffa9733b845403de7035ae4961289d7"
  integrity sha512-BjClAUZEkxUUuvbzt+rjVPvGa7ubgmWF1CsYrGkHIz0bYIlkLc9gKxu+h1AgNbq/U/5HcbbnOiOMgeNPbwBrpA==
